
Microsoft Visual Studio Solution File, Format Version 12.00
# Visual Studio Version 16
VisualStudioVersion = 16.0.30709.132
MinimumVisualStudioVersion = 10.0.40219.1
Project("{FAE04EC0-301F-11D3-BF4B-00C04F79EFBC}") = "HelloWorld", "HelloWorld\HelloWorld.csproj", "{ED530683-2083-476F-937B-6F0CBCF89BB8}"
EndProject
Global
	GlobalSection(SolutionConfigurationPlatforms) = preSolution
		Debug|Any CPU = Debug|Any CPU
		Release|Any CPU = Release|Any CPU
	EndGlobalSection
	GlobalSection(ProjectConfigurationPlatforms) = postSolution
		{ED530683-2083-476F-937B-6F0CBCF89BB8}.Debug|Any CPU.ActiveCfg = Debug|Any CPU
		{ED530683-2083-476F-937B-6F0CBCF89BB8}.Debug|Any CPU.Build.0 = Debug|Any CPU
		{ED530683-2083-476F-937B-6F0CBCF89BB8}.Release|Any CPU.ActiveCfg = Release|Any CPU
		{ED530683-2083-476F-937B-6F0CBCF89BB8}.Release|Any CPU.Build.0 = Release|Any CPU
	EndGlobalSection
	GlobalSection(SolutionProperties) = preSolution
		HideSolutionNode = FALSE
	EndGlobalSection
	GlobalSection(ExtensibilityGlobals) = postSolution
		SolutionGuid = {CA160C20-9C8E-43CD-8A2C-38ED17550D4C}
	EndGlobalSection
EndGlobal
